// !$*UTF8*$!
{
	archiveVersion = 1;
	classes = {
	};
	objectVersion = 77;
	objects = {

/* Begin PBXContainerItemProxy section */
		B348870D2D7A9DB0007377BF /* PBXContainerItemProxy */ = {
			isa = PBXContainerItemProxy;
			containerPortal = B34886F42D7A9DAE007377BF /* Project object */;
			proxyType = 1;
			remoteGlobalIDString = B34886FB2D7A9DAE007377BF;
			remoteInfo = "SwiftUI-TravelApp";
		};
		B34887172D7A9DB0007377BF /* PBXContainerItemProxy */ = {
			isa = PBXContainerItemProxy;
			containerPortal = B34886F42D7A9DAE007377BF /* Project object */;
			proxyType = 1;
			remoteGlobalIDString = B34886FB2D7A9DAE007377BF;
			remoteInfo = "SwiftUI-TravelApp";
		};
/* End PBXContainerItemProxy section */

/* Begin PBXFileReference section */
		B34886FC2D7A9DAE007377BF /* SwiftUI-TravelApp.app */ = {isa = PBXFileReference; explicitFileType = wrapper.application; includeInIndex = 0; path = "SwiftUI-TravelApp.app"; sourceTree = BUILT_PRODUCTS_DIR; };
		B348870C2D7A9DB0007377BF /* SwiftUI-TravelAppTests.xctest */ = {isa = PBXFileReference; explicitFileType = wrapper.cfbundle; includeInIndex = 0; path = "SwiftUI-TravelAppTests.xctest"; sourceTree = BUILT_PRODUCTS_DIR; };
		B34887162D7A9DB0007377BF /* SwiftUI-TravelAppUITests.xctest */ = {isa = PBXFileReference; explicitFileType = wrapper.cfbundle; includeInIndex = 0; path = "SwiftUI-TravelAppUITests.xctest"; sourceTree = BUILT_PRODUCTS_DIR; };
/* End PBXFileReference section */

/* Begin PBXFileSystemSynchronizedRootGroup section */
		B34886FE2D7A9DAE007377BF /* SwiftUI-TravelApp */ = {
			isa = PBXFileSystemSynchronizedRootGroup;
			path = "SwiftUI-TravelApp";
			sourceTree = "<group>";
		};
		B348870F2D7A9DB0007377BF /* SwiftUI-TravelAppTests */ = {
			isa = PBXFileSystemSynchronizedRootGroup;
			path = "SwiftUI-TravelAppTests";
			sourceTree = "<group>";
		};
		B34887192D7A9DB0007377BF /* SwiftUI-TravelAppUITests */ = {
			isa = PBXFileSystemSynchronizedRootGroup;
			path = "SwiftUI-TravelAppUITests";
			sourceTree = "<group>";
		};
/* End PBXFileSystemSynchronizedRootGroup section */

/* Begin PBXFrameworksBuildPhase section */
		B34886F92D7A9DAE007377BF /* Frameworks */ = {
			isa = PBXFrameworksBuildPhase;
			buildActionMask = 2147483647;
			files = (
			);
			runOnlyForDeploymentPostprocessing = 0;
		};
		B34887092D7A9DB0007377BF /* Frameworks */ = {
			isa = PBXFrameworksBuildPhase;
			buildActionMask = 2147483647;
			files = (
			);
			runOnlyForDeploymentPostprocessing = 0;
		};
		B34887132D7A9DB0007377BF /* Frameworks */ = {
			isa = PBXFrameworksBuildPhase;
			buildActionMask = 2147483647;
			files = (
			);
			runOnlyForDeploymentPostprocessing = 0;
		};
/* End PBXFrameworksBuildPhase section */

/* Begin PBXGroup section */
		B34886F32D7A9DAE007377BF = {
			isa = PBXGroup;
			children = (
				B34886FE2D7A9DAE007377BF /* SwiftUI-TravelApp */,
				B348870F2D7A9DB0007377BF /* SwiftUI-TravelAppTests */,
				B34887192D7A9DB0007377BF /* SwiftUI-TravelAppUITests */,
				B34886FD2D7A9DAE007377BF /* Products */,
			);
			sourceTree = "<group>";
		};
		B34886FD2D7A9DAE007377BF /* Products */ = {
			isa = PBXGroup;
			children = (
				B34886FC2D7A9DAE007377BF /* SwiftUI-TravelApp.app */,
				B348870C2D7A9DB0007377BF /* SwiftUI-TravelAppTests.xctest */,
				B34887162D7A9DB0007377BF /* SwiftUI-TravelAppUITests.xctest */,
			);
			name = Products;
			sourceTree = "<group>";
		};
/* End PBXGroup section */

/* Begin PBXNativeTarget section */
		B34886FB2D7A9DAE007377BF /* SwiftUI-TravelApp */ = {
			isa = PBXNativeTarget;
			buildConfigurationList = B34887202D7A9DB0007377BF /* Build configuration list for PBXNativeTarget "SwiftUI-TravelApp" */;
			buildPhases = (
				B34886F82D7A9DAE007377BF /* Sources */,
				B34886F92D7A9DAE007377BF /* Frameworks */,
				B34886FA2D7A9DAE007377BF /* Resources */,
			);
			buildRules = (
			);
			dependencies = (
			);
			fileSystemSynchronizedGroups = (
				B34886FE2D7A9DAE007377BF /* SwiftUI-TravelApp */,
			);
			name = "SwiftUI-TravelApp";
			packageProductDependencies = (
			);
			productName = "SwiftUI-TravelApp";
			productReference = B34886FC2D7A9DAE007377BF /* SwiftUI-TravelApp.app */;
			productType = "com.apple.product-type.application";
		};
		B348870B2D7A9DB0007377BF /* SwiftUI-TravelAppTests */ = {
			isa = PBXNativeTarget;
			buildConfigurationList = B34887232D7A9DB0007377BF /* Build configuration list for PBXNativeTarget "SwiftUI-TravelAppTests" */;
			buildPhases = (
				B34887082D7A9DB0007377BF /* Sources */,
				B34887092D7A9DB0007377BF /* Frameworks */,
				B348870A2D7A9DB0007377BF /* Resources */,
			);
			buildRules = (
			);
			dependencies = (
				B348870E2D7A9DB0007377BF /* PBXTargetDependency */,
			);
			fileSystemSynchronizedGroups = (
				B348870F2D7A9DB0007377BF /* SwiftUI-TravelAppTests */,
			);
			name = "SwiftUI-TravelAppTests";
			packageProductDependencies = (
			);
			productName = "SwiftUI-TravelAppTests";
			productReference = B348870C2D7A9DB0007377BF /* SwiftUI-TravelAppTests.xctest */;
			productType = "com.apple.product-type.bundle.unit-test";
		};
		B34887152D7A9DB0007377BF /* SwiftUI-TravelAppUITests */ = {
			isa = PBXNativeTarget;
			buildConfigurationList = B34887262D7A9DB0007377BF /* Build configuration list for PBXNativeTarget "SwiftUI-TravelAppUITests" */;
			buildPhases = (
				B34887122D7A9DB0007377BF /* Sources */,
				B34887132D7A9DB0007377BF /* Frameworks */,
				B34887142D7A9DB0007377BF /* Resources */,
			);
			buildRules = (
			);
			dependencies = (
				B34887182D7A9DB0007377BF /* PBXTargetDependency */,
			);
			fileSystemSynchronizedGroups = (
				B34887192D7A9DB0007377BF /* SwiftUI-TravelAppUITests */,
			);
			name = "SwiftUI-TravelAppUITests";
			packageProductDependencies = (
			);
			productName = "SwiftUI-TravelAppUITests";
			productReference = B34887162D7A9DB0007377BF /* SwiftUI-TravelAppUITests.xctest */;
			productType = "com.apple.product-type.bundle.ui-testing";
		};
/* End PBXNativeTarget section */

/* Begin PBXProject section */
		B34886F42D7A9DAE007377BF /* Project object */ = {
			isa = PBXProject;
			attributes = {
				BuildIndependentTargetsInParallel = 1;
				LastSwiftUpdateCheck = 1610;
				LastUpgradeCheck = 1610;
				TargetAttributes = {
					B34886FB2D7A9DAE007377BF = {
						CreatedOnToolsVersion = 16.1;
					};
					B348870B2D7A9DB0007377BF = {
						CreatedOnToolsVersion = 16.1;
						TestTargetID = B34886FB2D7A9DAE007377BF;
					};
					B34887152D7A9DB0007377BF = {
						CreatedOnToolsVersion = 16.1;
						TestTargetID = B34886FB2D7A9DAE007377BF;
					};
				};
			};
			buildConfigurationList = B34886F72D7A9DAE007377BF /* Build configuration list for PBXProject "SwiftUI-TravelApp" */;
			developmentRegion = en;
			hasScannedForEncodings = 0;
			knownRegions = (
				en,
				Base,
			);
			mainGroup = B34886F32D7A9DAE007377BF;
			minimizedProjectReferenceProxies = 1;
			preferredProjectObjectVersion = 77;
			productRefGroup = B34886FD2D7A9DAE007377BF /* Products */;
			projectDirPath = "";
			projectRoot = "";
			targets = (
				B34886FB2D7A9DAE007377BF /* SwiftUI-TravelApp */,
				B348870B2D7A9DB0007377BF /* SwiftUI-TravelAppTests */,
				B34887152D7A9DB0007377BF /* SwiftUI-TravelAppUITests */,
			);
		};
/* End PBXProject section */

/* Begin PBXResourcesBuildPhase section */
		B34886FA2D7A9DAE007377BF /* Resources */ = {
			isa = PBXResourcesBuildPhase;
			buildActionMask = 2147483647;
			files = (
			);
			runOnlyForDeploymentPostprocessing = 0;
		};
		B348870A2D7A9DB0007377BF /* Resources */ = {
			isa = PBXResourcesBuildPhase;
			buildActionMask = 2147483647;
			files = (
			);
			runOnlyForDeploymentPostprocessing = 0;
		};
		B34887142D7A9DB0007377BF /* Resources */ = {
			isa = PBXResourcesBuildPhase;
			buildActionMask = 2147483647;
			files = (
			);
			runOnlyForDeploymentPostprocessing = 0;
		};
/* End PBXResourcesBuildPhase section */

/* Begin PBXSourcesBuildPhase section */
		B34886F82D7A9DAE007377BF /* Sources */ = {
			isa = PBXSourcesBuildPhase;
			buildActionMask = 2147483647;
			files = (
			);
			runOnlyForDeploymentPostprocessing = 0;
		};
		B34887082D7A9DB0007377BF /* Sources */ = {
			isa = PBXSourcesBuildPhase;
			buildActionMask = 2147483647;
			files = (
			);
			runOnlyForDeploymentPostprocessing = 0;
		};
		B34887122D7A9DB0007377BF /* Sources */ = {
			isa = PBXSourcesBuildPhase;
			buildActionMask = 2147483647;
			files = (
			);
			runOnlyForDeploymentPostprocessing = 0;
		};
/* End PBXSourcesBuildPhase section */

/* Begin PBXTargetDependency section */
		B348870E2D7A9DB0007377BF /* PBXTargetDependency */ = {
			isa = PBXTargetDependency;
			target = B34886FB2D7A9DAE007377BF /* SwiftUI-TravelApp */;
			targetProxy = B348870D2D7A9DB0007377BF /* PBXContainerItemProxy */;
		};
		B34887182D7A9DB0007377BF /* PBXTargetDependency */ = {
			isa = PBXTargetDependency;
			target = B34886FB2D7A9DAE007377BF /* SwiftUI-TravelApp */;
			targetProxy = B34887172D7A9DB0007377BF /* PBXContainerItemProxy */;
		};
/* End PBXTargetDependency section */

/* Begin XCBuildConfiguration section */
		B348871E2D7A9DB0007377BF /* Debug */ = {
			isa = XCBuildConfiguration;
			buildSettings = {
				ALWAYS_SEARCH_USER_PATHS = NO;
				ASSETCATALOG_COMPILER_GENERATE_SWIFT_ASSET_SYMBOL_EXTENSIONS = YES;
				CLANG_ANALYZER_NONNULL = YES;
				CLANG_ANALYZER_NUMBER_OBJECT_CONVERSION = YES_AGGRESSIVE;
				CLANG_CXX_LANGUAGE_STANDARD = "gnu++20";
				CLANG_ENABLE_MODULES = YES;
				CLANG_ENABLE_OBJC_ARC = YES;
				CLANG_ENABLE_OBJC_WEAK = YES;
				CLANG_WARN_BLOCK_CAPTURE_AUTORELEASING = YES;
				CLANG_WARN_BOOL_CONVERSION = YES;
				CLANG_WARN_COMMA = YES;
				CLANG_WARN_CONSTANT_CONVERSION = YES;
				CLANG_WARN_DEPRECATED_OBJC_IMPLEMENTATIONS = YES;
				CLANG_WARN_DIRECT_OBJC_ISA_USAGE = YES_ERROR;
				CLANG_WARN_DOCUMENTATION_COMMENTS = YES;
				CLANG_WARN_EMPTY_BODY = YES;
				CLANG_WARN_ENUM_CONVERSION = YES;
				CLANG_WARN_INFINITE_RECURSION = YES;
				CLANG_WARN_INT_CONVERSION = YES;
				CLANG_WARN_NON_LITERAL_NULL_CONVERSION = YES;
				CLANG_WARN_OBJC_IMPLICIT_RETAIN_SELF = YES;
				CLANG_WARN_OBJC_LITERAL_CONVERSION = YES;
				CLANG_WARN_OBJC_ROOT_CLASS = YES_ERROR;
				CLANG_WARN_QUOTED_INCLUDE_IN_FRAMEWORK_HEADER = YES;
				CLANG_WARN_RANGE_LOOP_ANALYSIS = YES;
				CLANG_WARN_STRICT_PROTOTYPES = YES;
				CLANG_WARN_SUSPICIOUS_MOVE = YES;
				CLANG_WARN_UNGUARDED_AVAILABILITY = YES_AGGRESSIVE;
				CLANG_WARN_UNREACHABLE_CODE = YES;
				CLANG_WARN__DUPLICATE_METHOD_MATCH = YES;
				COPY_PHASE_STRIP = NO;
				DEBUG_INFORMATION_FORMAT = dwarf;
				ENABLE_STRICT_OBJC_MSGSEND = YES;
				ENABLE_TESTABILITY = YES;
				ENABLE_USER_SCRIPT_SANDBOXING = YES;
				GCC_C_LANGUAGE_STANDARD = gnu17;
				GCC_DYNAMIC_NO_PIC = NO;
				GCC_NO_COMMON_BLOCKS = YES;
				GCC_OPTIMIZATION_LEVEL = 0;
				GCC_PREPROCESSOR_DEFINITIONS = (
					"DEBUG=1",
					"$(inherited)",
				);
				GCC_WARN_64_TO_32_BIT_CONVERSION = YES;
				GCC_WARN_ABOUT_RETURN_TYPE = YES_ERROR;
				GCC_WARN_UNDECLARED_SELECTOR = YES;
				GCC_WARN_UNINITIALIZED_AUTOS = YES_AGGRESSIVE;
				GCC_WARN_UNUSED_FUNCTION = YES;
				GCC_WARN_UNUSED_VARIABLE = YES;
				IPHONEOS_DEPLOYMENT_TARGET = 18.1;
				LOCALIZATION_PREFERS_STRING_CATALOGS = YES;
				MTL_ENABLE_DEBUG_INFO = INCLUDE_SOURCE;
				MTL_FAST_MATH = YES;
				ONLY_ACTIVE_ARCH = YES;
				SDKROOT = iphoneos;
				SWIFT_ACTIVE_COMPILATION_CONDITIONS = "DEBUG $(inherited)";
				SWIFT_OPTIMIZATION_LEVEL = "-Onone";
			};
			name = Debug;
		};
		B348871F2D7A9DB0007377BF /* Release */ = {
			isa = XCBuildConfiguration;
			buildSettings = {
				ALWAYS_SEARCH_USER_PATHS = NO;
				ASSETCATALOG_COMPILER_GENERATE_SWIFT_ASSET_SYMBOL_EXTENSIONS = YES;
				CLANG_ANALYZER_NONNULL = YES;
				CLANG_ANALYZER_NUMBER_OBJECT_CONVERSION = YES_AGGRESSIVE;
				CLANG_CXX_LANGUAGE_STANDARD = "gnu++20";
				CLANG_ENABLE_MODULES = YES;
				CLANG_ENABLE_OBJC_ARC = YES;
				CLANG_ENABLE_OBJC_WEAK = YES;
				CLANG_WARN_BLOCK_CAPTURE_AUTORELEASING = YES;
				CLANG_WARN_BOOL_CONVERSION = YES;
				CLANG_WARN_COMMA = YES;
				CLANG_WARN_CONSTANT_CONVERSION = YES;
				CLANG_WARN_DEPRECATED_OBJC_IMPLEMENTATIONS = YES;
				CLANG_WARN_DIRECT_OBJC_ISA_USAGE = YES_ERROR;
				CLANG_WARN_DOCUMENTATION_COMMENTS = YES;
				CLANG_WARN_EMPTY_BODY = YES;
				CLANG_WARN_ENUM_CONVERSION = YES;
				CLANG_WARN_INFINITE_RECURSION = YES;
				CLANG_WARN_INT_CONVERSION = YES;
				CLANG_WARN_NON_LITERAL_NULL_CONVERSION = YES;
				CLANG_WARN_OBJC_IMPLICIT_RETAIN_SELF = YES;
				CLANG_WARN_OBJC_LITERAL_CONVERSION = YES;
				CLANG_WARN_OBJC_ROOT_CLASS = YES_ERROR;
				CLANG_WARN_QUOTED_INCLUDE_IN_FRAMEWORK_HEADER = YES;
				CLANG_WARN_RANGE_LOOP_ANALYSIS = YES;
				CLANG_WARN_STRICT_PROTOTYPES = YES;
				CLANG_WARN_SUSPICIOUS_MOVE = YES;
				CLANG_WARN_UNGUARDED_AVAILABILITY = YES_AGGRESSIVE;
				CLANG_WARN_UNREACHABLE_CODE = YES;
				CLANG_WARN__DUPLICATE_METHOD_MATCH = YES;
				COPY_PHASE_STRIP = NO;
				DEBUG_INFORMATION_FORMAT = "dwarf-with-dsym";
				ENABLE_NS_ASSERTIONS = NO;
				ENABLE_STRICT_OBJC_MSGSEND = YES;
				ENABLE_USER_SCRIPT_SANDBOXING = YES;
				GCC_C_LANGUAGE_STANDARD = gnu17;
				GCC_NO_COMMON_BLOCKS = YES;
				GCC_WARN_64_TO_32_BIT_CONVERSION = YES;
				GCC_WARN_ABOUT_RETURN_TYPE = YES_ERROR;
				GCC_WARN_UNDECLARED_SELECTOR = YES;
				GCC_WARN_UNINITIALIZED_AUTOS = YES_AGGRESSIVE;
				GCC_WARN_UNUSED_FUNCTION = YES;
				GCC_WARN_UNUSED_VARIABLE = YES;
				IPHONEOS_DEPLOYMENT_TARGET = 18.1;
				LOCALIZATION_PREFERS_STRING_CATALOGS = YES;
				MTL_ENABLE_DEBUG_INFO = NO;
				MTL_FAST_MATH = YES;
				SDKROOT = iphoneos;
				SWIFT_COMPILATION_MODE = wholemodule;
				VALIDATE_PRODUCT = YES;
			};
			name = Release;
		};
		B34887212D7A9DB0007377BF /* Debug */ = {
			isa = XCBuildConfiguration;
			buildSettings = {
				ASSETCATALOG_COMPILER_APPICON_NAME = AppIcon;
				ASSETCATALOG_COMPILER_GLOBAL_ACCENT_COLOR_NAME = AccentColor;
				CODE_SIGN_STYLE = Automatic;
				CURRENT_PROJECT_VERSION = 1;
				DEVELOPMENT_ASSET_PATHS = "\"SwiftUI-TravelApp/Preview Content\"";
				ENABLE_PREVIEWS = YES;
				GENERATE_INFOPLIST_FILE = YES;
				INFOPLIST_KEY_UIApplicationSceneManifest_Generation = YES;
				INFOPLIST_KEY_UIApplicationSupportsIndirectInputEvents = YES;
				INFOPLIST_KEY_UILaunchScreen_Generation = YES;
				INFOPLIST_KEY_UISupportedInterfaceOrientations_iPad = "UIInterfaceOrientationPortrait UIInterfaceOrientationPortraitUpsideDown UIInterfaceOrientationLandscapeLeft UIInterfaceOrientationLandscapeRight";
				INFOPLIST_KEY_UISupportedInterfaceOrientations_iPhone = "UIInterfaceOrientationPortrait UIInterfaceOrientationLandscapeLeft UIInterfaceOrientationLandscapeRight";
				LD_RUNPATH_SEARCH_PATHS = (
					"$(inherited)",
					"@executable_path/Frameworks",
				);
				MARKETING_VERSION = 1.0;
				PRODUCT_BUNDLE_IDENTIFIER = "Com.Abbott.SwiftUI-TravelApp";
				PRODUCT_NAME = "$(TARGET_NAME)";
				SWIFT_EMIT_LOC_STRINGS = YES;
				SWIFT_VERSION = 5.0;
				TARGETED_DEVICE_FAMILY = "1,2";
			};
			name = Debug;
		};
		B34887222D7A9DB0007377BF /* Release */ = {
			isa = XCBuildConfiguration;
			buildSettings = {
				ASSETCATALOG_COMPILER_APPICON_NAME = AppIcon;
				ASSETCATALOG_COMPILER_GLOBAL_ACCENT_COLOR_NAME = AccentColor;
				CODE_SIGN_STYLE = Automatic;
				CURRENT_PROJECT_VERSION = 1;
				DEVELOPMENT_ASSET_PATHS = "\"SwiftUI-TravelApp/Preview Content\"";
				ENABLE_PREVIEWS = YES;
				GENERATE_INFOPLIST_FILE = YES;
				INFOPLIST_KEY_UIApplicationSceneManifest_Generation = YES;
				INFOPLIST_KEY_UIApplicationSupportsIndirectInputEvents = YES;
				INFOPLIST_KEY_UILaunchScreen_Generation = YES;
				INFOPLIST_KEY_UISupportedInterfaceOrientations_iPad = "UIInterfaceOrientationPortrait UIInterfaceOrientationPortraitUpsideDown UIInterfaceOrientationLandscapeLeft UIInterfaceOrientationLandscapeRight";
				INFOPLIST_KEY_UISupportedInterfaceOrientations_iPhone = "UIInterfaceOrientationPortrait UIInterfaceOrientationLandscapeLeft UIInterfaceOrientationLandscapeRight";
				LD_RUNPATH_SEARCH_PATHS = (
					"$(inherited)",
					"@executable_path/Frameworks",
				);
				MARKETING_VERSION = 1.0;
				PRODUCT_BUNDLE_IDENTIFIER = "Com.Abbott.SwiftUI-TravelApp";
				PRODUCT_NAME = "$(TARGET_NAME)";
				SWIFT_EMIT_LOC_STRINGS = YES;
				SWIFT_VERSION = 5.0;
				TARGETED_DEVICE_FAMILY = "1,2";
			};
			name = Release;
		};
		B34887242D7A9DB0007377BF /* Debug */ = {
			isa = XCBuildConfiguration;
			buildSettings = {
				BUNDLE_LOADER = "$(TEST_HOST)";
				CODE_SIGN_STYLE = Automatic;
				CURRENT_PROJECT_VERSION = 1;
				GENERATE_INFOPLIST_FILE = YES;
				IPHONEOS_DEPLOYMENT_TARGET = 18.1;
				MARKETING_VERSION = 1.0;
				PRODUCT_BUNDLE_IDENTIFIER = "Com.Abbott.SwiftUI-TravelAppTests";
				PRODUCT_NAME = "$(TARGET_NAME)";
				SWIFT_EMIT_LOC_STRINGS = NO;
				SWIFT_VERSION = 5.0;
				TARGETED_DEVICE_FAMILY = "1,2";
				TEST_HOST = "$(BUILT_PRODUCTS_DIR)/SwiftUI-TravelApp.app/$(BUNDLE_EXECUTABLE_FOLDER_PATH)/SwiftUI-TravelApp";
			};
			name = Debug;
		};
		B34887252D7A9DB0007377BF /* Release */ = {
			isa = XCBuildConfiguration;
			buildSettings = {
				BUNDLE_LOADER = "$(TEST_HOST)";
				CODE_SIGN_STYLE = Automatic;
				CURRENT_PROJECT_VERSION = 1;
				GENERATE_INFOPLIST_FILE = YES;
				IPHONEOS_DEPLOYMENT_TARGET = 18.1;
				MARKETING_VERSION = 1.0;
				PRODUCT_BUNDLE_IDENTIFIER = "Com.Abbott.SwiftUI-TravelAppTests";
				PRODUCT_NAME = "$(TARGET_NAME)";
				SWIFT_EMIT_LOC_STRINGS = NO;
				SWIFT_VERSION = 5.0;
				TARGETED_DEVICE_FAMILY = "1,2";
				TEST_HOST = "$(BUILT_PRODUCTS_DIR)/SwiftUI-TravelApp.app/$(BUNDLE_EXECUTABLE_FOLDER_PATH)/SwiftUI-TravelApp";
			};
			name = Release;
		};
		B34887272D7A9DB0007377BF /* Debug */ = {
			isa = XCBuildConfiguration;
			buildSettings = {
				CODE_SIGN_STYLE = Automatic;
				CURRENT_PROJECT_VERSION = 1;
				GENERATE_INFOPLIST_FILE = YES;
				MARKETING_VERSION = 1.0;
				PRODUCT_BUNDLE_IDENTIFIER = "Com.Abbott.SwiftUI-TravelAppUITests";
				PRODUCT_NAME = "$(TARGET_NAME)";
				SWIFT_EMIT_LOC_STRINGS = NO;
				SWIFT_VERSION = 5.0;
				TARGETED_DEVICE_FAMILY = "1,2";
				TEST_TARGET_NAME = "SwiftUI-TravelApp";
			};
			name = Debug;
		};
		B34887282D7A9DB0007377BF /* Release */ = {
			isa = XCBuildConfiguration;
			buildSettings = {
				CODE_SIGN_STYLE = Automatic;
				CURRENT_PROJECT_VERSION = 1;
				GENERATE_INFOPLIST_FILE = YES;
				MARKETING_VERSION = 1.0;
				PRODUCT_BUNDLE_IDENTIFIER = "Com.Abbott.SwiftUI-TravelAppUITests";
				PRODUCT_NAME = "$(TARGET_NAME)";
				SWIFT_EMIT_LOC_STRINGS = NO;
				SWIFT_VERSION = 5.0;
				TARGETED_DEVICE_FAMILY = "1,2";
				TEST_TARGET_NAME = "SwiftUI-TravelApp";
			};
			name = Release;
		};
/* End XCBuildConfiguration section */

/* Begin XCConfigurationList section */
		B34886F72D7A9DAE007377BF /* Build configuration list for PBXProject "SwiftUI-TravelApp" */ = {
			isa = XCConfigurationList;
			buildConfigurations = (
				B348871E2D7A9DB0007377BF /* Debug */,
				B348871F2D7A9DB0007377BF /* Release */,
			);
			defaultConfigurationIsVisible = 0;
			defaultConfigurationName = Release;
		};
		B34887202D7A9DB0007377BF /* Build configuration list for PBXNativeTarget "SwiftUI-TravelApp" */ = {
			isa = XCConfigurationList;
			buildConfigurations = (
				B34887212D7A9DB0007377BF /* Debug */,
				B34887222D7A9DB0007377BF /* Release */,
			);
			defaultConfigurationIsVisible = 0;
			defaultConfigurationName = Release;
		};
		B34887232D7A9DB0007377BF /* Build configuration list for PBXNativeTarget "SwiftUI-TravelAppTests" */ = {
			isa = XCConfigurationList;
			buildConfigurations = (
				B34887242D7A9DB0007377BF /* Debug */,
				B34887252D7A9DB0007377BF /* Release */,
			);
			defaultConfigurationIsVisible = 0;
			defaultConfigurationName = Release;
		};
		B34887262D7A9DB0007377BF /* Build configuration list for PBXNativeTarget "SwiftUI-TravelAppUITests" */ = {
			isa = XCConfigurationList;
			buildConfigurations = (
				B34887272D7A9DB0007377BF /* Debug */,
				B34887282D7A9DB0007377BF /* Release */,
			);
			defaultConfigurationIsVisible = 0;
			defaultConfigurationName = Release;
		};
/* End XCConfigurationList section */
	};
	rootObject = B34886F42D7A9DAE007377BF /* Project object */;
}
